
Microsoft Visual Studio Solution File, Format Version 12.00
# Visual Studio Version 16
VisualStudioVersion = 16.0.31019.35
MinimumVisualStudioVersion = 10.0.40219.1
Project("{D2ABAB84-BF74-430A-B69E-9DC6D40DDA17}") = "CuboAnalisis", "CuboAnalisis\CuboAnalisis.dwproj", "{B507AE35-EB4F-434B-AEE4-9AE3F647CAD9}"
EndProject
Global
	GlobalSection(SolutionConfigurationPlatforms) = preSolution
		Development|Default = Development|Default
	EndGlobalSection
	GlobalSection(ProjectConfigurationPlatforms) = postSolution
		{B507AE35-EB4F-434B-AEE4-9AE3F647CAD9}.Development|Default.ActiveCfg = Development
		{B507AE35-EB4F-434B-AEE4-9AE3F647CAD9}.Development|Default.Build.0 = Development
		{B507AE35-EB4F-434B-AEE4-9AE3F647CAD9}.Development|Default.Deploy.0 = Development
	EndGlobalSection
	GlobalSection(SolutionProperties) = preSolution
		HideSolutionNode = FALSE
	EndGlobalSection
	GlobalSection(ExtensibilityGlobals) = postSolution
		SolutionGuid = {1E70BB21-7828-4CB8-9752-B030FD7F8737}
	EndGlobalSection
EndGlobal
